PODS:
  - EVGPUImage2 (0.1.0)
  - GPUImage (0.1.7)
  - TesseractOCRSDKiOS (4.0.2)
  - UIImage-Resize (1.0.1)

DEPENDENCIES:
  - EVGPUImage2
  - GPUImage
  - TesseractOCRSDKiOS
  - UIImage-Resize

SPEC REPOS:
  https://github.com/cocoapods/specs.git:
    - EVGPUImage2
    - GPUImage
    - TesseractOCRSDKiOS
    - UIImage-Resize

SPEC CHECKSUMS:
  EVGPUImage2: 29221cf64d70ab9119dd48fc8898677b2af0c16e
  GPUImage: 733a5f0fab92df9de1c37ba9df520a833ccb406d
  TesseractOCRSDKiOS: 5124816fe04de75f4d7ce91eb8b2bb5096aa6519
  UIImage-Resize: fa776860f10e6900bbaf53a73e494bdceaaccc77

PODFILE CHECKSUM: c11a59c3d2ed79e15923a8820a06958637d795c9

COCOAPODS: 1.6.0.beta.1
