PODS:
  - GPUImage2 (0.1.0)
  - TesseractOCRiOS (4.0.0)
  - UIImage-Resize (1.0.1)

DEPENDENCIES:
  - GPUImage2 (from `./GPUImage2.podspec`)
  - TesseractOCRiOS
  - UIImage-Resize

EXTERNAL SOURCES:
  GPUImage2:
    :podspec: "./GPUImage2.podspec"

CHECKOUT OPTIONS:
  GPUImage2:
    :commit: 668dbd92f6d2c25dbaca38da6fb4b9d4b4b71547
    :git: https://github.com/BradLarson/GPUImage2.git

SPEC CHECKSUMS:
  GPUImage2: 4ff31f41a47e240e5474b49d9e83e95e2ff5c562
  TesseractOCRiOS: 90638afbe43d082433f2e76b384c7901d23956df
  UIImage-Resize: fa776860f10e6900bbaf53a73e494bdceaaccc77

PODFILE CHECKSUM: 62f11589e2dd2f697b86090adbd44bfcf9fbbb1e

COCOAPODS: 1.0.0
