PODS:
  - GPUImage2 (0.1.0)
  - TesseractOCRiOS (4.0.0)
  - UIImage-Resize (1.0.1)

DEPENDENCIES:
  - GPUImage2 (from `./GPUImage2.podspec`)
  - TesseractOCRiOS
  - UIImage-Resize

EXTERNAL SOURCES:
  GPUImage2:
    :podspec: "./GPUImage2.podspec"

CHECKOUT OPTIONS:
  GPUImage2:
    :commit: 858b01fc2fd7d1e07a697e8dc6c3a119e4773ef1
    :git: https://github.com/BradLarson/GPUImage2.git

SPEC CHECKSUMS:
  GPUImage2: 4ff31f41a47e240e5474b49d9e83e95e2ff5c562
  TesseractOCRiOS: 90638afbe43d082433f2e76b384c7901d23956df
  UIImage-Resize: fa776860f10e6900bbaf53a73e494bdceaaccc77

PODFILE CHECKSUM: 60e85593a2d377a27c29152034b4e6f0e69c5825

COCOAPODS: 1.1.0.rc.2
